
Microsoft Visual Studio Solution File, Format Version 12.00
# Visual Studio Version 17
VisualStudioVersion = 17.9.34728.123
MinimumVisualStudioVersion = 10.0.40219.1
Project("{FAE04EC0-301F-11D3-BF4B-00C04F79EFBC}") = "CodAffEmployeeRegisterAPI", "CodAffEmployeeRegisterAPI\CodAffEmployeeRegisterAPI.csproj", "{4A79231C-44AC-43A1-BC54-7529C62E3823}"
EndProject
Global
	GlobalSection(SolutionConfigurationPlatforms) = preSolution
		Debug|Any CPU = Debug|Any CPU
		Release|Any CPU = Release|Any CPU
	EndGlobalSection
	GlobalSection(ProjectConfigurationPlatforms) = postSolution
		{4A79231C-44AC-43A1-BC54-7529C62E3823}.Debug|Any CPU.ActiveCfg = Debug|Any CPU
		{4A79231C-44AC-43A1-BC54-7529C62E3823}.Debug|Any CPU.Build.0 = Debug|Any CPU
		{4A79231C-44AC-43A1-BC54-7529C62E3823}.Release|Any CPU.ActiveCfg = Release|Any CPU
		{4A79231C-44AC-43A1-BC54-7529C62E3823}.Release|Any CPU.Build.0 = Release|Any CPU
	EndGlobalSection
	GlobalSection(SolutionProperties) = preSolution
		HideSolutionNode = FALSE
	EndGlobalSection
	GlobalSection(ExtensibilityGlobals) = postSolution
		SolutionGuid = {6910E784-74A1-41D0-8FF4-51F4962E3438}
	EndGlobalSection
EndGlobal
